{
  "name": "@peizhongli/easy-project-cli",
  "version": "0.0.0",
  "lockfileVersion": 2,
  "requires": true,
  "packages": {
    "": {
      "name": "@peizhongli/easy-project-cli",
      "version": "0.0.0",
      "license": "ISC",
      "dependencies": {
        "commander": "^12.0.0",
        "jsonc-parser": "^3.2.1"
      },
      "bin": {
        "mkproj": "bin/mkproj.js"
      }
    },
    "node_modules/commander": {
      "version": "12.0.0",
      "resolved": "https://mirrors.huaweicloud.com/repository/npm/commander/-/commander-12.0.0.tgz",
      "integrity": "sha512-MwVNWlYjDTtOjX5PiD7o5pK0UrFU/OYgcJfjjK4RaHZETNtjJqrZa9Y9ds88+A+f+d5lv+561eZ+yCKoS3gbAA==",
      "license": "MIT",
      "engines": {
        "node": ">=18"
      }
    },
    "node_modules/jsonc-parser": {
      "version": "3.2.1",
      "resolved": "https://mirrors.huaweicloud.com/repository/npm/jsonc-parser/-/jsonc-parser-3.2.1.tgz",
      "integrity": "sha512-AilxAyFOAcK5wA1+LeaySVBrHsGQvUFCDWXKpZjzaL0PqW+xfBOttn8GNtWKFWqneyMZj41MWF9Kl6iPWLwgOA==",
      "license": "MIT"
    }
  },
  "dependencies": {
    "commander": {
      "version": "12.0.0",
      "resolved": "https://mirrors.huaweicloud.com/repository/npm/commander/-/commander-12.0.0.tgz",
      "integrity": "sha512-MwVNWlYjDTtOjX5PiD7o5pK0UrFU/OYgcJfjjK4RaHZETNtjJqrZa9Y9ds88+A+f+d5lv+561eZ+yCKoS3gbAA=="
    },
    "jsonc-parser": {
      "version": "3.2.1",
      "resolved": "https://mirrors.huaweicloud.com/repository/npm/jsonc-parser/-/jsonc-parser-3.2.1.tgz",
      "integrity": "sha512-AilxAyFOAcK5wA1+LeaySVBrHsGQvUFCDWXKpZjzaL0PqW+xfBOttn8GNtWKFWqneyMZj41MWF9Kl6iPWLwgOA=="
    }
  }
}
